PODS:
  - Charts (3.6.0):
    - Charts/Core (= 3.6.0)
  - Charts/Core (3.6.0)
  - TinyConstraints (4.0.1)

DEPENDENCIES:
  - Charts
  - TinyConstraints

SPEC REPOS:
  trunk:
    - Charts
    - TinyConstraints

SPEC CHECKSUMS:
  Charts: b1e3a1f5a1c9ba5394438ca3b91bd8c9076310af
  TinyConstraints: 8dd91295e56797648c7bc335dd20e1d91ec4c192

PODFILE CHECKSUM: 6b94664f7411cdb3bbf27a73e7acf5ae7a0f7a69

COCOAPODS: 1.10.0
